// !$*UTF8*$!
{
	archiveVersion = 1;
	classes = {
	};
	objectVersion = 48;
	objects = {

/* Begin PBXBuildFile section */
		54367D631F5D376A009D5728 /* ECSlidingContainerViewController.h in Headers */ = {isa = PBXBuildFile; fileRef = 54367D611F5D376A009D5728 /* ECSlidingContainerViewController.h */; settings = {ATTRIBUTES = (Public, ); }; };
		54367D751F5D37CA009D5728 /* ECSlidingInteractiveTransition.h in Headers */ = {isa = PBXBuildFile; fileRef = 54367D691F5D37C9009D5728 /* ECSlidingInteractiveTransition.h */; settings = {ATTRIBUTES = (Public, ); }; };
		54367D761F5D37CA009D5728 /* ECSlidingConstants.h in Headers */ = {isa = PBXBuildFile; fileRef = 54367D6A1F5D37C9009D5728 /* ECSlidingConstants.h */; settings = {ATTRIBUTES = (Public, ); }; };
		54367D771F5D37CA009D5728 /* ECPercentDrivenInteractiveTransition.m in Sources */ = {isa = PBXBuildFile; fileRef = 54367D6B1F5D37C9009D5728 /* ECPercentDrivenInteractiveTransition.m */; };
		54367D781F5D37CA009D5728 /* ECSlidingAnimationController.h in Headers */ = {isa = PBXBuildFile; fileRef = 54367D6C1F5D37C9009D5728 /* ECSlidingAnimationController.h */; settings = {ATTRIBUTES = (Public, ); }; };
		54367D791F5D37CA009D5728 /* ECSlidingSegue.h in Headers */ = {isa = PBXBuildFile; fileRef = 54367D6D1F5D37C9009D5728 /* ECSlidingSegue.h */; settings = {ATTRIBUTES = (Public, ); }; };
		54367D7A1F5D37CA009D5728 /* ECSlidingSegue.m in Sources */ = {isa = PBXBuildFile; fileRef = 54367D6E1F5D37C9009D5728 /* ECSlidingSegue.m */; };
		54367D7B1F5D37CA009D5728 /* ECPercentDrivenInteractiveTransition.h in Headers */ = {isa = PBXBuildFile; fileRef = 54367D6F1F5D37C9009D5728 /* ECPercentDrivenInteractiveTransition.h */; settings = {ATTRIBUTES = (Public, ); }; };
		54367D7C1F5D37CA009D5728 /* ECSlidingInteractiveTransition.m in Sources */ = {isa = PBXBuildFile; fileRef = 54367D701F5D37C9009D5728 /* ECSlidingInteractiveTransition.m */; };
		54367D7D1F5D37CA009D5728 /* UIViewController+ECSlidingViewController.h in Headers */ = {isa = PBXBuildFile; fileRef = 54367D711F5D37C9009D5728 /* UIViewController+ECSlidingViewController.h */; settings = {ATTRIBUTES = (Public, ); }; };
		54367D7E1F5D37CA009D5728 /* UIViewController+ECSlidingViewController.m in Sources */ = {isa = PBXBuildFile; fileRef = 54367D721F5D37C9009D5728 /* UIViewController+ECSlidingViewController.m */; };
		54367D7F1F5D37CA009D5728 /* ECSlidingContainerViewController.m in Sources */ = {isa = PBXBuildFile; fileRef = 54367D731F5D37C9009D5728 /* ECSlidingContainerViewController.m */; };
		54367D801F5D37CA009D5728 /* ECSlidingAnimationController.m in Sources */ = {isa = PBXBuildFile; fileRef = 54367D741F5D37C9009D5728 /* ECSlidingAnimationController.m */; };
		54367D831F5D37D9009D5728 /* UIKit.framework in Frameworks */ = {isa = PBXBuildFile; fileRef = 54367D821F5D37D9009D5728 /* UIKit.framework */; };
		54367D851F5D37F3009D5728 /* Foundation.framework in Frameworks */ = {isa = PBXBuildFile; fileRef = 54367D841F5D37F3009D5728 /* Foundation.framework */; };
		544915001F5D6FEF008B56C2 /* ECSlidingViewController.h in Headers */ = {isa = PBXBuildFile; fileRef = 544914FE1F5D6DCB008B56C2 /* ECSlidingViewController.h */; settings = {ATTRIBUTES = (Public, ); }; };
/* End PBXBuildFile section */

/* Begin PBXFileReference section */
		54367D5E1F5D376A009D5728 /* ECSlidingViewController.framework */ = {isa = PBXFileReference; explicitFileType = wrapper.framework; includeInIndex = 0; path = ECSlidingViewController.framework; sourceTree = BUILT_PRODUCTS_DIR; };
		54367D611F5D376A009D5728 /* ECSlidingContainerViewController.h */ = {isa = PBXFileReference; lastKnownFileType = sourcecode.c.h; path = ECSlidingContainerViewController.h; sourceTree = "<group>"; };
		54367D621F5D376A009D5728 /* Info.plist */ = {isa = PBXFileReference; lastKnownFileType = text.plist.xml; path = Info.plist; sourceTree = "<group>"; };
		54367D691F5D37C9009D5728 /* ECSlidingInteractiveTransition.h */ = {isa = PBXFileReference; fileEncoding = 4; lastKnownFileType = sourcecode.c.h; path = ECSlidingInteractiveTransition.h; sourceTree = "<group>"; };
		54367D6A1F5D37C9009D5728 /* ECSlidingConstants.h */ = {isa = PBXFileReference; fileEncoding = 4; lastKnownFileType = sourcecode.c.h; path = ECSlidingConstants.h; sourceTree = "<group>"; };
		54367D6B1F5D37C9009D5728 /* ECPercentDrivenInteractiveTransition.m */ = {isa = PBXFileReference; fileEncoding = 4; lastKnownFileType = sourcecode.c.objc; path = ECPercentDrivenInteractiveTransition.m; sourceTree = "<group>"; };
		54367D6C1F5D37C9009D5728 /* ECSlidingAnimationController.h */ = {isa = PBXFileReference; fileEncoding = 4; lastKnownFileType = sourcecode.c.h; path = ECSlidingAnimationController.h; sourceTree = "<group>"; };
		54367D6D1F5D37C9009D5728 /* ECSlidingSegue.h */ = {isa = PBXFileReference; fileEncoding = 4; lastKnownFileType = sourcecode.c.h; path = ECSlidingSegue.h; sourceTree = "<group>"; };
		54367D6E1F5D37C9009D5728 /* ECSlidingSegue.m */ = {isa = PBXFileReference; fileEncoding = 4; lastKnownFileType = sourcecode.c.objc; path = ECSlidingSegue.m; sourceTree = "<group>"; };
		54367D6F1F5D37C9009D5728 /* ECPercentDrivenInteractiveTransition.h */ = {isa = PBXFileReference; fileEncoding = 4; lastKnownFileType = sourcecode.c.h; path = ECPercentDrivenInteractiveTransition.h; sourceTree = "<group>"; };
		54367D701F5D37C9009D5728 /* ECSlidingInteractiveTransition.m */ = {isa = PBXFileReference; fileEncoding = 4; lastKnownFileType = sourcecode.c.objc; path = ECSlidingInteractiveTransition.m; sourceTree = "<group>"; };
		54367D711F5D37C9009D5728 /* UIViewController+ECSlidingViewController.h */ = {isa = PBXFileReference; fileEncoding = 4; lastKnownFileType = sourcecode.c.h; path = "UIViewController+ECSlidingViewController.h"; sourceTree = "<group>"; };
		54367D721F5D37C9009D5728 /* UIViewController+ECSlidingViewController.m */ = {isa = PBXFileReference; fileEncoding = 4; lastKnownFileType = sourcecode.c.objc; path = "UIViewController+ECSlidingViewController.m"; sourceTree = "<group>"; };
		54367D731F5D37C9009D5728 /* ECSlidingContainerViewController.m */ = {isa = PBXFileReference; fileEncoding = 4; lastKnownFileType = sourcecode.c.objc; path = ECSlidingContainerViewController.m; sourceTree = "<group>"; };
		54367D741F5D37C9009D5728 /* ECSlidingAnimationController.m */ = {isa = PBXFileReference; fileEncoding = 4; lastKnownFileType = sourcecode.c.objc; path = ECSlidingAnimationController.m; sourceTree = "<group>"; };
		54367D821F5D37D9009D5728 /* UIKit.framework */ = {isa = PBXFileReference; lastKnownFileType = wrapper.framework; name = UIKit.framework; path = System/Library/Frameworks/UIKit.framework; sourceTree = SDKROOT; };
		54367D841F5D37F3009D5728 /* Foundation.framework */ = {isa = PBXFileReference; lastKnownFileType = wrapper.framework; name = Foundation.framework; path = System/Library/Frameworks/Foundation.framework; sourceTree = SDKROOT; };
		544914FE1F5D6DCB008B56C2 /* ECSlidingViewController.h */ = {isa = PBXFileReference; lastKnownFileType = sourcecode.c.h; path = ECSlidingViewController.h; sourceTree = "<group>"; };
/* End PBXFileReference section */

/* Begin PBXFrameworksBuildPhase section */
		54367D5A1F5D376A009D5728 /* Frameworks */ = {
			isa = PBXFrameworksBuildPhase;
			buildActionMask = 2147483647;
			files = (
				54367D851F5D37F3009D5728 /* Foundation.framework in Frameworks */,
				54367D831F5D37D9009D5728 /* UIKit.framework in Frameworks */,
			);
			runOnlyForDeploymentPostprocessing = 0;
		};
/* End PBXFrameworksBuildPhase section */

/* Begin PBXGroup section */
		54367D541F5D376A009D5728 = {
			isa = PBXGroup;
			children = (
				54367D601F5D376A009D5728 /* ECSlidingViewController */,
				54367D5F1F5D376A009D5728 /* Products */,
				54367D811F5D37D9009D5728 /* Frameworks */,
			);
			sourceTree = "<group>";
		};
		54367D5F1F5D376A009D5728 /* Products */ = {
			isa = PBXGroup;
			children = (
				54367D5E1F5D376A009D5728 /* ECSlidingViewController.framework */,
			);
			name = Products;
			sourceTree = "<group>";
		};
		54367D601F5D376A009D5728 /* ECSlidingViewController */ = {
			isa = PBXGroup;
			children = (
				54367D6F1F5D37C9009D5728 /* ECPercentDrivenInteractiveTransition.h */,
				54367D6B1F5D37C9009D5728 /* ECPercentDrivenInteractiveTransition.m */,
				54367D6C1F5D37C9009D5728 /* ECSlidingAnimationController.h */,
				54367D741F5D37C9009D5728 /* ECSlidingAnimationController.m */,
				54367D6A1F5D37C9009D5728 /* ECSlidingConstants.h */,
				54367D691F5D37C9009D5728 /* ECSlidingInteractiveTransition.h */,
				54367D701F5D37C9009D5728 /* ECSlidingInteractiveTransition.m */,
				54367D6D1F5D37C9009D5728 /* ECSlidingSegue.h */,
				54367D6E1F5D37C9009D5728 /* ECSlidingSegue.m */,
				54367D731F5D37C9009D5728 /* ECSlidingContainerViewController.m */,
				54367D711F5D37C9009D5728 /* UIViewController+ECSlidingViewController.h */,
				54367D721F5D37C9009D5728 /* UIViewController+ECSlidingViewController.m */,
				54367D611F5D376A009D5728 /* ECSlidingContainerViewController.h */,
				54367D621F5D376A009D5728 /* Info.plist */,
				544914FE1F5D6DCB008B56C2 /* ECSlidingViewController.h */,
			);
			path = ECSlidingViewController;
			sourceTree = "<group>";
		};
		54367D811F5D37D9009D5728 /* Frameworks */ = {
			isa = PBXGroup;
			children = (
				54367D841F5D37F3009D5728 /* Foundation.framework */,
				54367D821F5D37D9009D5728 /* UIKit.framework */,
			);
			name = Frameworks;
			sourceTree = "<group>";
		};
/* End PBXGroup section */

/* Begin PBXHeadersBuildPhase section */
		54367D5B1F5D376A009D5728 /* Headers */ = {
			isa = PBXHeadersBuildPhase;
			buildActionMask = 2147483647;
			files = (
				544915001F5D6FEF008B56C2 /* ECSlidingViewController.h in Headers */,
				54367D791F5D37CA009D5728 /* ECSlidingSegue.h in Headers */,
				54367D7D1F5D37CA009D5728 /* UIViewController+ECSlidingViewController.h in Headers */,
				54367D751F5D37CA009D5728 /* ECSlidingInteractiveTransition.h in Headers */,
				54367D631F5D376A009D5728 /* ECSlidingContainerViewController.h in Headers */,
				54367D781F5D37CA009D5728 /* ECSlidingAnimationController.h in Headers */,
				54367D7B1F5D37CA009D5728 /* ECPercentDrivenInteractiveTransition.h in Headers */,
				54367D761F5D37CA009D5728 /* ECSlidingConstants.h in Headers */,
			);
			runOnlyForDeploymentPostprocessing = 0;
		};
/* End PBXHeadersBuildPhase section */

/* Begin PBXNativeTarget section */
		54367D5D1F5D376A009D5728 /* ECSlidingViewController */ = {
			isa = PBXNativeTarget;
			buildConfigurationList = 54367D661F5D376A009D5728 /* Build configuration list for PBXNativeTarget "ECSlidingViewController" */;
			buildPhases = (
				54367D591F5D376A009D5728 /* Sources */,
				54367D5A1F5D376A009D5728 /* Frameworks */,
				54367D5B1F5D376A009D5728 /* Headers */,
				54367D5C1F5D376A009D5728 /* Resources */,
			);
			buildRules = (
			);
			dependencies = (
			);
			name = ECSlidingViewController;
			productName = ECSlidingViewController;
			productReference = 54367D5E1F5D376A009D5728 /* ECSlidingViewController.framework */;
			productType = "com.apple.product-type.framework";
		};
/* End PBXNativeTarget section */

/* Begin PBXProject section */
		54367D551F5D376A009D5728 /* Project object */ = {
			isa = PBXProject;
			attributes = {
				LastUpgradeCheck = 0900;
				ORGANIZATIONNAME = "ABANCA Corporacion Bancaria";
				TargetAttributes = {
					54367D5D1F5D376A009D5728 = {
						CreatedOnToolsVersion = 9.0;
					};
				};
			};
			buildConfigurationList = 54367D581F5D376A009D5728 /* Build configuration list for PBXProject "ECSlidingViewController" */;
			compatibilityVersion = "Xcode 8.0";
			developmentRegion = en;
			hasScannedForEncodings = 0;
			knownRegions = (
				en,
			);
			mainGroup = 54367D541F5D376A009D5728;
			productRefGroup = 54367D5F1F5D376A009D5728 /* Products */;
			projectDirPath = "";
			projectRoot = "";
			targets = (
				54367D5D1F5D376A009D5728 /* ECSlidingViewController */,
			);
		};
/* End PBXProject section */

/* Begin PBXResourcesBuildPhase section */
		54367D5C1F5D376A009D5728 /* Resources */ = {
			isa = PBXResourcesBuildPhase;
			buildActionMask = 2147483647;
			files = (
			);
			runOnlyForDeploymentPostprocessing = 0;
		};
/* End PBXResourcesBuildPhase section */

/* Begin PBXSourcesBuildPhase section */
		54367D591F5D376A009D5728 /* Sources */ = {
			isa = PBXSourcesBuildPhase;
			buildActionMask = 2147483647;
			files = (
				54367D7A1F5D37CA009D5728 /* ECSlidingSegue.m in Sources */,
				54367D801F5D37CA009D5728 /* ECSlidingAnimationController.m in Sources */,
				54367D7F1F5D37CA009D5728 /* ECSlidingContainerViewController.m in Sources */,
				54367D771F5D37CA009D5728 /* ECPercentDrivenInteractiveTransition.m in Sources */,
				54367D7E1F5D37CA009D5728 /* UIViewController+ECSlidingViewController.m in Sources */,
				54367D7C1F5D37CA009D5728 /* ECSlidingInteractiveTransition.m in Sources */,
			);
			runOnlyForDeploymentPostprocessing = 0;
		};
/* End PBXSourcesBuildPhase section */

/* Begin XCBuildConfiguration section */
		54367D641F5D376A009D5728 /* Debug */ = {
			isa = XCBuildConfiguration;
			buildSettings = {
				ALWAYS_SEARCH_USER_PATHS = NO;
				CLANG_ANALYZER_NONNULL = YES;
				CLANG_ANALYZER_NUMBER_OBJECT_CONVERSION = YES_AGGRESSIVE;
				CLANG_CXX_LANGUAGE_STANDARD = "gnu++14";
				CLANG_CXX_LIBRARY = "libc++";
				CLANG_ENABLE_MODULES = YES;
				CLANG_ENABLE_OBJC_ARC = YES;
				CLANG_WARN_BLOCK_CAPTURE_AUTORELEASING = YES;
				CLANG_WARN_BOOL_CONVERSION = YES;
				CLANG_WARN_COMMA = YES;
				CLANG_WARN_CONSTANT_CONVERSION = YES;
				CLANG_WARN_DIRECT_OBJC_ISA_USAGE = YES_ERROR;
				CLANG_WARN_DOCUMENTATION_COMMENTS = YES;
				CLANG_WARN_EMPTY_BODY = YES;
				CLANG_WARN_ENUM_CONVERSION = YES;
				CLANG_WARN_INFINITE_RECURSION = YES;
				CLANG_WARN_INT_CONVERSION = YES;
				CLANG_WARN_NON_LITERAL_NULL_CONVERSION = YES;
				CLANG_WARN_OBJC_LITERAL_CONVERSION = YES;
				CLANG_WARN_OBJC_ROOT_CLASS = YES_ERROR;
				CLANG_WARN_RANGE_LOOP_ANALYSIS = YES;
				CLANG_WARN_STRICT_PROTOTYPES = YES;
				CLANG_WARN_SUSPICIOUS_MOVE = YES;
				CLANG_WARN_UNGUARDED_AVAILABILITY = YES_AGGRESSIVE;
				CLANG_WARN_UNREACHABLE_CODE = YES;
				CLANG_WARN__DUPLICATE_METHOD_MATCH = YES;
				CODE_SIGN_IDENTITY = "iPhone Developer";
				COPY_PHASE_STRIP = NO;
				CURRENT_PROJECT_VERSION = 1;
				DEBUG_INFORMATION_FORMAT = dwarf;
				ENABLE_STRICT_OBJC_MSGSEND = YES;
				ENABLE_TESTABILITY = YES;
				GCC_C_LANGUAGE_STANDARD = gnu11;
				GCC_DYNAMIC_NO_PIC = NO;
				GCC_NO_COMMON_BLOCKS = YES;
				GCC_OPTIMIZATION_LEVEL = 0;
				GCC_PREPROCESSOR_DEFINITIONS = (
					"DEBUG=1",
					"$(inherited)",
				);
				GCC_WARN_64_TO_32_BIT_CONVERSION = YES;
				GCC_WARN_ABOUT_RETURN_TYPE = YES_ERROR;
				GCC_WARN_UNDECLARED_SELECTOR = YES;
				GCC_WARN_UNINITIALIZED_AUTOS = YES_AGGRESSIVE;
				GCC_WARN_UNUSED_FUNCTION = YES;
				GCC_WARN_UNUSED_VARIABLE = YES;
				IPHONEOS_DEPLOYMENT_TARGET = 11.0;
				MTL_ENABLE_DEBUG_INFO = YES;
				ONLY_ACTIVE_ARCH = YES;
				SDKROOT = iphoneos;
				VERSIONING_SYSTEM = "apple-generic";
				VERSION_INFO_PREFIX = "";
			};
			name = Debug;
		};
		54367D651F5D376A009D5728 /* Release */ = {
			isa = XCBuildConfiguration;
			buildSettings = {
				ALWAYS_SEARCH_USER_PATHS = NO;
				CLANG_ANALYZER_NONNULL = YES;
				CLANG_ANALYZER_NUMBER_OBJECT_CONVERSION = YES_AGGRESSIVE;
				CLANG_CXX_LANGUAGE_STANDARD = "gnu++14";
				CLANG_CXX_LIBRARY = "libc++";
				CLANG_ENABLE_MODULES = YES;
				CLANG_ENABLE_OBJC_ARC = YES;
				CLANG_WARN_BLOCK_CAPTURE_AUTORELEASING = YES;
				CLANG_WARN_BOOL_CONVERSION = YES;
				CLANG_WARN_COMMA = YES;
				CLANG_WARN_CONSTANT_CONVERSION = YES;
				CLANG_WARN_DIRECT_OBJC_ISA_USAGE = YES_ERROR;
				CLANG_WARN_DOCUMENTATION_COMMENTS = YES;
				CLANG_WARN_EMPTY_BODY = YES;
				CLANG_WARN_ENUM_CONVERSION = YES;
				CLANG_WARN_INFINITE_RECURSION = YES;
				CLANG_WARN_INT_CONVERSION = YES;
				CLANG_WARN_NON_LITERAL_NULL_CONVERSION = YES;
				CLANG_WARN_OBJC_LITERAL_CONVERSION = YES;
				CLANG_WARN_OBJC_ROOT_CLASS = YES_ERROR;
				CLANG_WARN_RANGE_LOOP_ANALYSIS = YES;
				CLANG_WARN_STRICT_PROTOTYPES = YES;
				CLANG_WARN_SUSPICIOUS_MOVE = YES;
				CLANG_WARN_UNGUARDED_AVAILABILITY = YES_AGGRESSIVE;
				CLANG_WARN_UNREACHABLE_CODE = YES;
				CLANG_WARN__DUPLICATE_METHOD_MATCH = YES;
				CODE_SIGN_IDENTITY = "iPhone Developer";
				COPY_PHASE_STRIP = NO;
				CURRENT_PROJECT_VERSION = 1;
				DEBUG_INFORMATION_FORMAT = "dwarf-with-dsym";
				ENABLE_NS_ASSERTIONS = NO;
				ENABLE_STRICT_OBJC_MSGSEND = YES;
				GCC_C_LANGUAGE_STANDARD = gnu11;
				GCC_NO_COMMON_BLOCKS = YES;
				GCC_WARN_64_TO_32_BIT_CONVERSION = YES;
				GCC_WARN_ABOUT_RETURN_TYPE = YES_ERROR;
				GCC_WARN_UNDECLARED_SELECTOR = YES;
				GCC_WARN_UNINITIALIZED_AUTOS = YES_AGGRESSIVE;
				GCC_WARN_UNUSED_FUNCTION = YES;
				GCC_WARN_UNUSED_VARIABLE = YES;
				IPHONEOS_DEPLOYMENT_TARGET = 11.0;
				MTL_ENABLE_DEBUG_INFO = NO;
				SDKROOT = iphoneos;
				VALIDATE_PRODUCT = YES;
				VERSIONING_SYSTEM = "apple-generic";
				VERSION_INFO_PREFIX = "";
			};
			name = Release;
		};
		54367D671F5D376A009D5728 /* Debug */ = {
			isa = XCBuildConfiguration;
			buildSettings = {
				CODE_SIGN_IDENTITY = "";
				DEFINES_MODULE = YES;
				DEVELOPMENT_TEAM = QZHQ8DU99B;
				DYLIB_COMPATIBILITY_VERSION = 1;
				DYLIB_CURRENT_VERSION = 1;
				DYLIB_INSTALL_NAME_BASE = "@rpath";
				INFOPLIST_FILE = ECSlidingViewController/Info.plist;
				INSTALL_PATH = "$(LOCAL_LIBRARY_DIR)/Frameworks";
				IPHONEOS_DEPLOYMENT_TARGET = 9.0;
				LD_RUNPATH_SEARCH_PATHS = "$(inherited) @executable_path/Frameworks @loader_path/Frameworks";
				PRODUCT_BUNDLE_IDENTIFIER = es.abanca.ECSlidingViewController;
				PRODUCT_NAME = "$(TARGET_NAME:c99extidentifier)";
				SKIP_INSTALL = YES;
				TARGETED_DEVICE_FAMILY = "1,2";
			};
			name = Debug;
		};
		54367D681F5D376A009D5728 /* Release */ = {
			isa = XCBuildConfiguration;
			buildSettings = {
				CODE_SIGN_IDENTITY = "";
				DEFINES_MODULE = YES;
				DEVELOPMENT_TEAM = QZHQ8DU99B;
				DYLIB_COMPATIBILITY_VERSION = 1;
				DYLIB_CURRENT_VERSION = 1;
				DYLIB_INSTALL_NAME_BASE = "@rpath";
				INFOPLIST_FILE = ECSlidingViewController/Info.plist;
				INSTALL_PATH = "$(LOCAL_LIBRARY_DIR)/Frameworks";
				IPHONEOS_DEPLOYMENT_TARGET = 9.0;
				LD_RUNPATH_SEARCH_PATHS = "$(inherited) @executable_path/Frameworks @loader_path/Frameworks";
				PRODUCT_BUNDLE_IDENTIFIER = es.abanca.ECSlidingViewController;
				PRODUCT_NAME = "$(TARGET_NAME:c99extidentifier)";
				SKIP_INSTALL = YES;
				TARGETED_DEVICE_FAMILY = "1,2";
			};
			name = Release;
		};
/* End XCBuildConfiguration section */

/* Begin XCConfigurationList section */
		54367D581F5D376A009D5728 /* Build configuration list for PBXProject "ECSlidingViewController" */ = {
			isa = XCConfigurationList;
			buildConfigurations = (
				54367D641F5D376A009D5728 /* Debug */,
				54367D651F5D376A009D5728 /* Release */,
			);
			defaultConfigurationIsVisible = 0;
			defaultConfigurationName = Release;
		};
		54367D661F5D376A009D5728 /* Build configuration list for PBXNativeTarget "ECSlidingViewController" */ = {
			isa = XCConfigurationList;
			buildConfigurations = (
				54367D671F5D376A009D5728 /* Debug */,
				54367D681F5D376A009D5728 /* Release */,
			);
			defaultConfigurationIsVisible = 0;
			defaultConfigurationName = Release;
		};
/* End XCConfigurationList section */
	};
	rootObject = 54367D551F5D376A009D5728 /* Project object */;
}
